{
  "name": "searchify-binary",
  "version": "1.0.0",
  "lockfileVersion": 3,
  "requires": true,
  "packages": {
    "": {
      "name": "searchify-binary",
      "version": "1.0.0",
      "license": "MIT",
      "dependencies": {
        "searchify-binary": "^1.0.0"
      }
    },
    "node_modules/searchify-binary": {
      "version": "1.0.0",
      "resolved": "https://registry.npmjs.org/searchify-binary/-/searchify-binary-1.0.0.tgz",
      "integrity": "sha512-+4YBZY+8SeBOkABlvsYhoyCod/snpU8anzOhM9oxUJOvxtbxXQ7e4lDwqBf0/hFVnaarGidkHqlPo2zuL6eYYg==",
      "license": "MIT"
    }
  }
}
